
Microsoft Visual Studio Solution File, Format Version 12.00
# Visual Studio Version 17
VisualStudioVersion = 17.0.31903.59
MinimumVisualStudioVersion = 10.0.40219.1
Project("{9A19103F-16F7-4668-BE54-9A1E7A4F7556}") = "Core", "Core\Core.csproj", "{BFE7FF5C-4CB1-449F-8586-BDA8EF188BA3}"
EndProject
Project("{9A19103F-16F7-4668-BE54-9A1E7A4F7556}") = "Infrastructure", "Infrastructure\Infrastructure.csproj", "{635C1550-0907-4350-A8CD-1C3057F17E12}"
EndProject
Project("{9A19103F-16F7-4668-BE54-9A1E7A4F7556}") = "Application", "Application\Application.csproj", "{06F93AA9-9C39-4A43-8CF1-DF997E196F94}"
EndProject
Project("{9A19103F-16F7-4668-BE54-9A1E7A4F7556}") = "Tests", "Tests\Tests.csproj", "{39F2EF90-C514-437D-9A09-8A0D9EFF0157}"
EndProject
Project("{FAE04EC0-301F-11D3-BF4B-00C04F79EFBC}") = "Client.Api", "Client.Api\Client.Api.csproj", "{7D41D376-209A-46C0-B813-432301091F79}"
EndProject
Project("{FAE04EC0-301F-11D3-BF4B-00C04F79EFBC}") = "Admin.Api", "Admin.Api\Admin.Api.csproj", "{16AC07B7-3424-4A72-99F4-5EFD0F217B78}"
EndProject
Global
	GlobalSection(SolutionConfigurationPlatforms) = preSolution
		Debug|Any CPU = Debug|Any CPU
		Release|Any CPU = Release|Any CPU
	EndGlobalSection
	GlobalSection(ProjectConfigurationPlatforms) = postSolution
		{BFE7FF5C-4CB1-449F-8586-BDA8EF188BA3}.Debug|Any CPU.ActiveCfg = Debug|Any CPU
		{BFE7FF5C-4CB1-449F-8586-BDA8EF188BA3}.Debug|Any CPU.Build.0 = Debug|Any CPU
		{BFE7FF5C-4CB1-449F-8586-BDA8EF188BA3}.Release|Any CPU.ActiveCfg = Release|Any CPU
		{BFE7FF5C-4CB1-449F-8586-BDA8EF188BA3}.Release|Any CPU.Build.0 = Release|Any CPU
		{635C1550-0907-4350-A8CD-1C3057F17E12}.Debug|Any CPU.ActiveCfg = Debug|Any CPU
		{635C1550-0907-4350-A8CD-1C3057F17E12}.Debug|Any CPU.Build.0 = Debug|Any CPU
		{635C1550-0907-4350-A8CD-1C3057F17E12}.Release|Any CPU.ActiveCfg = Release|Any CPU
		{635C1550-0907-4350-A8CD-1C3057F17E12}.Release|Any CPU.Build.0 = Release|Any CPU
		{06F93AA9-9C39-4A43-8CF1-DF997E196F94}.Debug|Any CPU.ActiveCfg = Debug|Any CPU
		{06F93AA9-9C39-4A43-8CF1-DF997E196F94}.Debug|Any CPU.Build.0 = Debug|Any CPU
		{06F93AA9-9C39-4A43-8CF1-DF997E196F94}.Release|Any CPU.ActiveCfg = Release|Any CPU
		{06F93AA9-9C39-4A43-8CF1-DF997E196F94}.Release|Any CPU.Build.0 = Release|Any CPU
		{39F2EF90-C514-437D-9A09-8A0D9EFF0157}.Debug|Any CPU.ActiveCfg = Debug|Any CPU
		{39F2EF90-C514-437D-9A09-8A0D9EFF0157}.Debug|Any CPU.Build.0 = Debug|Any CPU
		{39F2EF90-C514-437D-9A09-8A0D9EFF0157}.Release|Any CPU.ActiveCfg = Release|Any CPU
		{39F2EF90-C514-437D-9A09-8A0D9EFF0157}.Release|Any CPU.Build.0 = Release|Any CPU
		{7D41D376-209A-46C0-B813-432301091F79}.Debug|Any CPU.ActiveCfg = Debug|Any CPU
		{7D41D376-209A-46C0-B813-432301091F79}.Debug|Any CPU.Build.0 = Debug|Any CPU
		{7D41D376-209A-46C0-B813-432301091F79}.Release|Any CPU.ActiveCfg = Release|Any CPU
		{7D41D376-209A-46C0-B813-432301091F79}.Release|Any CPU.Build.0 = Release|Any CPU
		{16AC07B7-3424-4A72-99F4-5EFD0F217B78}.Debug|Any CPU.ActiveCfg = Debug|Any CPU
		{16AC07B7-3424-4A72-99F4-5EFD0F217B78}.Debug|Any CPU.Build.0 = Debug|Any CPU
		{16AC07B7-3424-4A72-99F4-5EFD0F217B78}.Release|Any CPU.ActiveCfg = Release|Any CPU
		{16AC07B7-3424-4A72-99F4-5EFD0F217B78}.Release|Any CPU.Build.0 = Release|Any CPU
	EndGlobalSection
	GlobalSection(SolutionProperties) = preSolution
		HideSolutionNode = FALSE
	EndGlobalSection
EndGlobal
